// !$*UTF8*$!
{
	archiveVersion = 1;
	classes = {
	};
	objectVersion = 46;
	objects = {

/* Begin PBXBuildFile section */
		337875A41C7790CF00DBAC05 /* Minecrafter.Reg.ttf in Resources */ = {isa = PBXBuildFile; fileRef = 337875A31C7790CF00DBAC05 /* Minecrafter.Reg.ttf */; };
		337875A61C77949500DBAC05 /* btn.wav in Resources */ = {isa = PBXBuildFile; fileRef = 337875A51C77949500DBAC05 /* btn.wav */; };
		337AFB441C764AF70059CEB2 /* AppDelegate.swift in Sources */ = {isa = PBXBuildFile; fileRef = 337AFB431C764AF70059CEB2 /* AppDelegate.swift */; };
		337AFB461C764AF70059CEB2 /* ViewController.swift in Sources */ = {isa = PBXBuildFile; fileRef = 337AFB451C764AF70059CEB2 /* ViewController.swift */; };
		337AFB491C764AF70059CEB2 /* Main.storyboard in Resources */ = {isa = PBXBuildFile; fileRef = 337AFB471C764AF70059CEB2 /* Main.storyboard */; };
		337AFB4B1C764AF70059CEB2 /* Assets.xcassets in Resources */ = {isa = PBXBuildFile; fileRef = 337AFB4A1C764AF70059CEB2 /* Assets.xcassets */; };
		337AFB4E1C764AF70059CEB2 /* LaunchScreen.storyboard in Resources */ = {isa = PBXBuildFile; fileRef = 337AFB4C1C764AF70059CEB2 /* LaunchScreen.storyboard */; };
		337AFB591C764AF70059CEB2 /* CalculatorTests.swift in Sources */ = {isa = PBXBuildFile; fileRef = 337AFB581C764AF70059CEB2 /* CalculatorTests.swift */; };
		337AFB641C764AF70059CEB2 /* CalculatorUITests.swift in Sources */ = {isa = PBXBuildFile; fileRef = 337AFB631C764AF70059CEB2 /* CalculatorUITests.swift */; };
/* End PBXBuildFile section */

/* Begin PBXContainerItemProxy section */
		337AFB551C764AF70059CEB2 /* PBXContainerItemProxy */ = {
			isa = PBXContainerItemProxy;
			containerPortal = 337AFB381C764AF60059CEB2 /* Project object */;
			proxyType = 1;
			remoteGlobalIDString = 337AFB3F1C764AF70059CEB2;
			remoteInfo = Calculator;
		};
		337AFB601C764AF70059CEB2 /* PBXContainerItemProxy */ = {
			isa = PBXContainerItemProxy;
			containerPortal = 337AFB381C764AF60059CEB2 /* Project object */;
			proxyType = 1;
			remoteGlobalIDString = 337AFB3F1C764AF70059CEB2;
			remoteInfo = Calculator;
		};
/* End PBXContainerItemProxy section */

/* Begin PBXFileReference section */
		337875A31C7790CF00DBAC05 /* Minecrafter.Reg.ttf */ = {isa = PBXFileReference; lastKnownFileType = file; path = Minecrafter.Reg.ttf; sourceTree = "<group>"; };
		337875A51C77949500DBAC05 /* btn.wav */ = {isa = PBXFileReference; lastKnownFileType = audio.wav; path = btn.wav; sourceTree = "<group>"; };
		337AFB401C764AF70059CEB2 /* Calculator.app */ = {isa = PBXFileReference; explicitFileType = wrapper.application; includeInIndex = 0; path = Calculator.app; sourceTree = BUILT_PRODUCTS_DIR; };
		337AFB431C764AF70059CEB2 /* AppDelegate.swift */ = {isa = PBXFileReference; lastKnownFileType = sourcecode.swift; path = AppDelegate.swift; sourceTree = "<group>"; };
		337AFB451C764AF70059CEB2 /* ViewController.swift */ = {isa = PBXFileReference; lastKnownFileType = sourcecode.swift; path = ViewController.swift; sourceTree = "<group>"; };
		337AFB481C764AF70059CEB2 /* Base */ = {isa = PBXFileReference; lastKnownFileType = file.storyboard; name = Base; path = Base.lproj/Main.storyboard; sourceTree = "<group>"; };
		337AFB4A1C764AF70059CEB2 /* Assets.xcassets */ = {isa = PBXFileReference; lastKnownFileType = folder.assetcatalog; path = Assets.xcassets; sourceTree = "<group>"; };
		337AFB4D1C764AF70059CEB2 /* Base */ = {isa = PBXFileReference; lastKnownFileType = file.storyboard; name = Base; path = Base.lproj/LaunchScreen.storyboard; sourceTree = "<group>"; };
		337AFB4F1C764AF70059CEB2 /* Info.plist */ = {isa = PBXFileReference; lastKnownFileType = text.plist.xml; path = Info.plist; sourceTree = "<group>"; };
		337AFB541C764AF70059CEB2 /* CalculatorTests.xctest */ = {isa = PBXFileReference; explicitFileType = wrapper.cfbundle; includeInIndex = 0; path = CalculatorTests.xctest; sourceTree = BUILT_PRODUCTS_DIR; };
		337AFB581C764AF70059CEB2 /* CalculatorTests.swift */ = {isa = PBXFileReference; lastKnownFileType = sourcecode.swift; path = CalculatorTests.swift; sourceTree = "<group>"; };
		337AFB5A1C764AF70059CEB2 /* Info.plist */ = {isa = PBXFileReference; lastKnownFileType = text.plist.xml; path = Info.plist; sourceTree = "<group>"; };
		337AFB5F1C764AF70059CEB2 /* CalculatorUITests.xctest */ = {isa = PBXFileReference; explicitFileType = wrapper.cfbundle; includeInIndex = 0; path = CalculatorUITests.xctest; sourceTree = BUILT_PRODUCTS_DIR; };
		337AFB631C764AF70059CEB2 /* CalculatorUITests.swift */ = {isa = PBXFileReference; lastKnownFileType = sourcecode.swift; path = CalculatorUITests.swift; sourceTree = "<group>"; };
		337AFB651C764AF70059CEB2 /* Info.plist */ = {isa = PBXFileReference; lastKnownFileType = text.plist.xml; path = Info.plist; sourceTree = "<group>"; };
/* End PBXFileReference section */

/* Begin PBXFrameworksBuildPhase section */
		337AFB3D1C764AF70059CEB2 /* Frameworks */ = {
			isa = PBXFrameworksBuildPhase;
			buildActionMask = 2147483647;
			files = (
			);
			runOnlyForDeploymentPostprocessing = 0;
		};
		337AFB511C764AF70059CEB2 /* Frameworks */ = {
			isa = PBXFrameworksBuildPhase;
			buildActionMask = 2147483647;
			files = (
			);
			runOnlyForDeploymentPostprocessing = 0;
		};
		337AFB5C1C764AF70059CEB2 /* Frameworks */ = {
			isa = PBXFrameworksBuildPhase;
			buildActionMask = 2147483647;
			files = (
			);
			runOnlyForDeploymentPostprocessing = 0;
		};
/* End PBXFrameworksBuildPhase section */

/* Begin PBXGroup section */
		337AFB371C764AF60059CEB2 = {
			isa = PBXGroup;
			children = (
				337AFB421C764AF70059CEB2 /* Calculator */,
				337AFB571C764AF70059CEB2 /* CalculatorTests */,
				337AFB621C764AF70059CEB2 /* CalculatorUITests */,
				337AFB411C764AF70059CEB2 /* Products */,
				337875A31C7790CF00DBAC05 /* Minecrafter.Reg.ttf */,
				337875A51C77949500DBAC05 /* btn.wav */,
			);
			sourceTree = "<group>";
		};
		337AFB411C764AF70059CEB2 /* Products */ = {
			isa = PBXGroup;
			children = (
				337AFB401C764AF70059CEB2 /* Calculator.app */,
				337AFB541C764AF70059CEB2 /* CalculatorTests.xctest */,
				337AFB5F1C764AF70059CEB2 /* CalculatorUITests.xctest */,
			);
			name = Products;
			sourceTree = "<group>";
		};
		337AFB421C764AF70059CEB2 /* Calculator */ = {
			isa = PBXGroup;
			children = (
				337AFB431C764AF70059CEB2 /* AppDelegate.swift */,
				337AFB451C764AF70059CEB2 /* ViewController.swift */,
				337AFB471C764AF70059CEB2 /* Main.storyboard */,
				337AFB4A1C764AF70059CEB2 /* Assets.xcassets */,
				337AFB4C1C764AF70059CEB2 /* LaunchScreen.storyboard */,
				337AFB4F1C764AF70059CEB2 /* Info.plist */,
			);
			path = Calculator;
			sourceTree = "<group>";
		};
		337AFB571C764AF70059CEB2 /* CalculatorTests */ = {
			isa = PBXGroup;
			children = (
				337AFB581C764AF70059CEB2 /* CalculatorTests.swift */,
				337AFB5A1C764AF70059CEB2 /* Info.plist */,
			);
			path = CalculatorTests;
			sourceTree = "<group>";
		};
		337AFB621C764AF70059CEB2 /* CalculatorUITests */ = {
			isa = PBXGroup;
			children = (
				337AFB631C764AF70059CEB2 /* CalculatorUITests.swift */,
				337AFB651C764AF70059CEB2 /* Info.plist */,
			);
			path = CalculatorUITests;
			sourceTree = "<group>";
		};
/* End PBXGroup section */

/* Begin PBXNativeTarget section */
		337AFB3F1C764AF70059CEB2 /* Calculator */ = {
			isa = PBXNativeTarget;
			buildConfigurationList = 337AFB681C764AF70059CEB2 /* Build configuration list for PBXNativeTarget "Calculator" */;
			buildPhases = (
				337AFB3C1C764AF70059CEB2 /* Sources */,
				337AFB3D1C764AF70059CEB2 /* Frameworks */,
				337AFB3E1C764AF70059CEB2 /* Resources */,
			);
			buildRules = (
			);
			dependencies = (
			);
			name = Calculator;
			productName = Calculator;
			productReference = 337AFB401C764AF70059CEB2 /* Calculator.app */;
			productType = "com.apple.product-type.application";
		};
		337AFB531C764AF70059CEB2 /* CalculatorTests */ = {
			isa = PBXNativeTarget;
			buildConfigurationList = 337AFB6B1C764AF70059CEB2 /* Build configuration list for PBXNativeTarget "CalculatorTests" */;
			buildPhases = (
				337AFB501C764AF70059CEB2 /* Sources */,
				337AFB511C764AF70059CEB2 /* Frameworks */,
				337AFB521C764AF70059CEB2 /* Resources */,
			);
			buildRules = (
			);
			dependencies = (
				337AFB561C764AF70059CEB2 /* PBXTargetDependency */,
			);
			name = CalculatorTests;
			productName = CalculatorTests;
			productReference = 337AFB541C764AF70059CEB2 /* CalculatorTests.xctest */;
			productType = "com.apple.product-type.bundle.unit-test";
		};
		337AFB5E1C764AF70059CEB2 /* CalculatorUITests */ = {
			isa = PBXNativeTarget;
			buildConfigurationList = 337AFB6E1C764AF70059CEB2 /* Build configuration list for PBXNativeTarget "CalculatorUITests" */;
			buildPhases = (
				337AFB5B1C764AF70059CEB2 /* Sources */,
				337AFB5C1C764AF70059CEB2 /* Frameworks */,
				337AFB5D1C764AF70059CEB2 /* Resources */,
			);
			buildRules = (
			);
			dependencies = (
				337AFB611C764AF70059CEB2 /* PBXTargetDependency */,
			);
			name = CalculatorUITests;
			productName = CalculatorUITests;
			productReference = 337AFB5F1C764AF70059CEB2 /* CalculatorUITests.xctest */;
			productType = "com.apple.product-type.bundle.ui-testing";
		};
/* End PBXNativeTarget section */

/* Begin PBXProject section */
		337AFB381C764AF60059CEB2 /* Project object */ = {
			isa = PBXProject;
			attributes = {
				LastSwiftUpdateCheck = 0730;
				LastUpgradeCheck = 0730;
				ORGANIZATIONNAME = "Paul Lozada";
				TargetAttributes = {
					337AFB3F1C764AF70059CEB2 = {
						CreatedOnToolsVersion = 7.3;
					};
					337AFB531C764AF70059CEB2 = {
						CreatedOnToolsVersion = 7.3;
						TestTargetID = 337AFB3F1C764AF70059CEB2;
					};
					337AFB5E1C764AF70059CEB2 = {
						CreatedOnToolsVersion = 7.3;
						TestTargetID = 337AFB3F1C764AF70059CEB2;
					};
				};
			};
			buildConfigurationList = 337AFB3B1C764AF60059CEB2 /* Build configuration list for PBXProject "Calculator" */;
			compatibilityVersion = "Xcode 3.2";
			developmentRegion = English;
			hasScannedForEncodings = 0;
			knownRegions = (
				en,
				Base,
			);
			mainGroup = 337AFB371C764AF60059CEB2;
			productRefGroup = 337AFB411C764AF70059CEB2 /* Products */;
			projectDirPath = "";
			projectRoot = "";
			targets = (
				337AFB3F1C764AF70059CEB2 /* Calculator */,
				337AFB531C764AF70059CEB2 /* CalculatorTests */,
				337AFB5E1C764AF70059CEB2 /* CalculatorUITests */,
			);
		};
/* End PBXProject section */

/* Begin PBXResourcesBuildPhase section */
		337AFB3E1C764AF70059CEB2 /* Resources */ = {
			isa = PBXResourcesBuildPhase;
			buildActionMask = 2147483647;
			files = (
				337875A61C77949500DBAC05 /* btn.wav in Resources */,
				337AFB4E1C764AF70059CEB2 /* LaunchScreen.storyboard in Resources */,
				337AFB4B1C764AF70059CEB2 /* Assets.xcassets in Resources */,
				337AFB491C764AF70059CEB2 /* Main.storyboard in Resources */,
				337875A41C7790CF00DBAC05 /* Minecrafter.Reg.ttf in Resources */,
			);
			runOnlyForDeploymentPostprocessing = 0;
		};
		337AFB521C764AF70059CEB2 /* Resources */ = {
			isa = PBXResourcesBuildPhase;
			buildActionMask = 2147483647;
			files = (
			);
			runOnlyForDeploymentPostprocessing = 0;
		};
		337AFB5D1C764AF70059CEB2 /* Resources */ = {
			isa = PBXResourcesBuildPhase;
			buildActionMask = 2147483647;
			files = (
			);
			runOnlyForDeploymentPostprocessing = 0;
		};
/* End PBXResourcesBuildPhase section */

/* Begin PBXSourcesBuildPhase section */
		337AFB3C1C764AF70059CEB2 /* Sources */ = {
			isa = PBXSourcesBuildPhase;
			buildActionMask = 2147483647;
			files = (
				337AFB461C764AF70059CEB2 /* ViewController.swift in Sources */,
				337AFB441C764AF70059CEB2 /* AppDelegate.swift in Sources */,
			);
			runOnlyForDeploymentPostprocessing = 0;
		};
		337AFB501C764AF70059CEB2 /* Sources */ = {
			isa = PBXSourcesBuildPhase;
			buildActionMask = 2147483647;
			files = (
				337AFB591C764AF70059CEB2 /* CalculatorTests.swift in Sources */,
			);
			runOnlyForDeploymentPostprocessing = 0;
		};
		337AFB5B1C764AF70059CEB2 /* Sources */ = {
			isa = PBXSourcesBuildPhase;
			buildActionMask = 2147483647;
			files = (
				337AFB641C764AF70059CEB2 /* CalculatorUITests.swift in Sources */,
			);
			runOnlyForDeploymentPostprocessing = 0;
		};
/* End PBXSourcesBuildPhase section */

/* Begin PBXTargetDependency section */
		337AFB561C764AF70059CEB2 /* PBXTargetDependency */ = {
			isa = PBXTargetDependency;
			target = 337AFB3F1C764AF70059CEB2 /* Calculator */;
			targetProxy = 337AFB551C764AF70059CEB2 /* PBXContainerItemProxy */;
		};
		337AFB611C764AF70059CEB2 /* PBXTargetDependency */ = {
			isa = PBXTargetDependency;
			target = 337AFB3F1C764AF70059CEB2 /* Calculator */;
			targetProxy = 337AFB601C764AF70059CEB2 /* PBXContainerItemProxy */;
		};
/* End PBXTargetDependency section */

/* Begin PBXVariantGroup section */
		337AFB471C764AF70059CEB2 /* Main.storyboard */ = {
			isa = PBXVariantGroup;
			children = (
				337AFB481C764AF70059CEB2 /* Base */,
			);
			name = Main.storyboard;
			sourceTree = "<group>";
		};
		337AFB4C1C764AF70059CEB2 /* LaunchScreen.storyboard */ = {
			isa = PBXVariantGroup;
			children = (
				337AFB4D1C764AF70059CEB2 /* Base */,
			);
			name = LaunchScreen.storyboard;
			sourceTree = "<group>";
		};
/* End PBXVariantGroup section */

/* Begin XCBuildConfiguration section */
		337AFB661C764AF70059CEB2 /* Debug */ = {
			isa = XCBuildConfiguration;
			buildSettings = {
				ALWAYS_SEARCH_USER_PATHS = NO;
				CLANG_ANALYZER_NONNULL = YES;
				CLANG_CXX_LANGUAGE_STANDARD = "gnu++0x";
				CLANG_CXX_LIBRARY = "libc++";
				CLANG_ENABLE_MODULES = YES;
				CLANG_ENABLE_OBJC_ARC = YES;
				CLANG_WARN_BOOL_CONVERSION = YES;
				CLANG_WARN_CONSTANT_CONVERSION = YES;
				CLANG_WARN_DIRECT_OBJC_ISA_USAGE = YES_ERROR;
				CLANG_WARN_EMPTY_BODY = YES;
				CLANG_WARN_ENUM_CONVERSION = YES;
				CLANG_WARN_INT_CONVERSION = YES;
				CLANG_WARN_OBJC_ROOT_CLASS = YES_ERROR;
				CLANG_WARN_UNREACHABLE_CODE = YES;
				CLANG_WARN__DUPLICATE_METHOD_MATCH = YES;
				"CODE_SIGN_IDENTITY[sdk=iphoneos*]" = "iPhone Developer";
				COPY_PHASE_STRIP = NO;
				DEBUG_INFORMATION_FORMAT = dwarf;
				ENABLE_STRICT_OBJC_MSGSEND = YES;
				ENABLE_TESTABILITY = YES;
				GCC_C_LANGUAGE_STANDARD = gnu99;
				GCC_DYNAMIC_NO_PIC = NO;
				GCC_NO_COMMON_BLOCKS = YES;
				GCC_OPTIMIZATION_LEVEL = 0;
				GCC_PREPROCESSOR_DEFINITIONS = (
					"DEBUG=1",
					"$(inherited)",
				);
				GCC_WARN_64_TO_32_BIT_CONVERSION = YES;
				GCC_WARN_ABOUT_RETURN_TYPE = YES_ERROR;
				GCC_WARN_UNDECLARED_SELECTOR = YES;
				GCC_WARN_UNINITIALIZED_AUTOS = YES_AGGRESSIVE;
				GCC_WARN_UNUSED_FUNCTION = YES;
				GCC_WARN_UNUSED_VARIABLE = YES;
				IPHONEOS_DEPLOYMENT_TARGET = 9.3;
				MTL_ENABLE_DEBUG_INFO = YES;
				ONLY_ACTIVE_ARCH = YES;
				SDKROOT = iphoneos;
				SWIFT_OPTIMIZATION_LEVEL = "-Onone";
				TARGETED_DEVICE_FAMILY = "1,2";
			};
			name = Debug;
		};
		337AFB671C764AF70059CEB2 /* Release */ = {
			isa = XCBuildConfiguration;
			buildSettings = {
				ALWAYS_SEARCH_USER_PATHS = NO;
				CLANG_ANALYZER_NONNULL = YES;
				CLANG_CXX_LANGUAGE_STANDARD = "gnu++0x";
				CLANG_CXX_LIBRARY = "libc++";
				CLANG_ENABLE_MODULES = YES;
				CLANG_ENABLE_OBJC_ARC = YES;
				CLANG_WARN_BOOL_CONVERSION = YES;
				CLANG_WARN_CONSTANT_CONVERSION = YES;
				CLANG_WARN_DIRECT_OBJC_ISA_USAGE = YES_ERROR;
				CLANG_WARN_EMPTY_BODY = YES;
				CLANG_WARN_ENUM_CONVERSION = YES;
				CLANG_WARN_INT_CONVERSION = YES;
				CLANG_WARN_OBJC_ROOT_CLASS = YES_ERROR;
				CLANG_WARN_UNREACHABLE_CODE = YES;
				CLANG_WARN__DUPLICATE_METHOD_MATCH = YES;
				"CODE_SIGN_IDENTITY[sdk=iphoneos*]" = "iPhone Developer";
				COPY_PHASE_STRIP = NO;
				DEBUG_INFORMATION_FORMAT = "dwarf-with-dsym";
				ENABLE_NS_ASSERTIONS = NO;
				ENABLE_STRICT_OBJC_MSGSEND = YES;
				GCC_C_LANGUAGE_STANDARD = gnu99;
				GCC_NO_COMMON_BLOCKS = YES;
				GCC_WARN_64_TO_32_BIT_CONVERSION = YES;
				GCC_WARN_ABOUT_RETURN_TYPE = YES_ERROR;
				GCC_WARN_UNDECLARED_SELECTOR = YES;
				GCC_WARN_UNINITIALIZED_AUTOS = YES_AGGRESSIVE;
				GCC_WARN_UNUSED_FUNCTION = YES;
				GCC_WARN_UNUSED_VARIABLE = YES;
				IPHONEOS_DEPLOYMENT_TARGET = 9.3;
				MTL_ENABLE_DEBUG_INFO = NO;
				SDKROOT = iphoneos;
				TARGETED_DEVICE_FAMILY = "1,2";
				VALIDATE_PRODUCT = YES;
			};
			name = Release;
		};
		337AFB691C764AF70059CEB2 /* Debug */ = {
			isa = XCBuildConfiguration;
			buildSettings = {
				ASSETCATALOG_COMPILER_APPICON_NAME = AppIcon;
				INFOPLIST_FILE = Calculator/Info.plist;
				LD_RUNPATH_SEARCH_PATHS = "$(inherited) @executable_path/Frameworks";
				PRODUCT_BUNDLE_IDENTIFIER = com.Paul.Lozada.Calculator;
				PRODUCT_NAME = "$(TARGET_NAME)";
			};
			name = Debug;
		};
		337AFB6A1C764AF70059CEB2 /* Release */ = {
			isa = XCBuildConfiguration;
			buildSettings = {
				ASSETCATALOG_COMPILER_APPICON_NAME = AppIcon;
				INFOPLIST_FILE = Calculator/Info.plist;
				LD_RUNPATH_SEARCH_PATHS = "$(inherited) @executable_path/Frameworks";
				PRODUCT_BUNDLE_IDENTIFIER = com.Paul.Lozada.Calculator;
				PRODUCT_NAME = "$(TARGET_NAME)";
			};
			name = Release;
		};
		337AFB6C1C764AF70059CEB2 /* Debug */ = {
			isa = XCBuildConfiguration;
			buildSettings = {
				BUNDLE_LOADER = "$(TEST_HOST)";
				INFOPLIST_FILE = CalculatorTests/Info.plist;
				LD_RUNPATH_SEARCH_PATHS = "$(inherited) @executable_path/Frameworks @loader_path/Frameworks";
				PRODUCT_BUNDLE_IDENTIFIER = com.Paul.Lozada.CalculatorTests;
				PRODUCT_NAME = "$(TARGET_NAME)";
				TEST_HOST = "$(BUILT_PRODUCTS_DIR)/Calculator.app/Calculator";
			};
			name = Debug;
		};
		337AFB6D1C764AF70059CEB2 /* Release */ = {
			isa = XCBuildConfiguration;
			buildSettings = {
				BUNDLE_LOADER = "$(TEST_HOST)";
				INFOPLIST_FILE = CalculatorTests/Info.plist;
				LD_RUNPATH_SEARCH_PATHS = "$(inherited) @executable_path/Frameworks @loader_path/Frameworks";
				PRODUCT_BUNDLE_IDENTIFIER = com.Paul.Lozada.CalculatorTests;
				PRODUCT_NAME = "$(TARGET_NAME)";
				TEST_HOST = "$(BUILT_PRODUCTS_DIR)/Calculator.app/Calculator";
			};
			name = Release;
		};
		337AFB6F1C764AF70059CEB2 /* Debug */ = {
			isa = XCBuildConfiguration;
			buildSettings = {
				INFOPLIST_FILE = CalculatorUITests/Info.plist;
				LD_RUNPATH_SEARCH_PATHS = "$(inherited) @executable_path/Frameworks @loader_path/Frameworks";
				PRODUCT_BUNDLE_IDENTIFIER = com.Paul.Lozada.CalculatorUITests;
				PRODUCT_NAME = "$(TARGET_NAME)";
				TEST_TARGET_NAME = Calculator;
			};
			name = Debug;
		};
		337AFB701C764AF70059CEB2 /* Release */ = {
			isa = XCBuildConfiguration;
			buildSettings = {
				INFOPLIST_FILE = CalculatorUITests/Info.plist;
				LD_RUNPATH_SEARCH_PATHS = "$(inherited) @executable_path/Frameworks @loader_path/Frameworks";
				PRODUCT_BUNDLE_IDENTIFIER = com.Paul.Lozada.CalculatorUITests;
				PRODUCT_NAME = "$(TARGET_NAME)";
				TEST_TARGET_NAME = Calculator;
			};
			name = Release;
		};
/* End XCBuildConfiguration section */

/* Begin XCConfigurationList section */
		337AFB3B1C764AF60059CEB2 /* Build configuration list for PBXProject "Calculator" */ = {
			isa = XCConfigurationList;
			buildConfigurations = (
				337AFB661C764AF70059CEB2 /* Debug */,
				337AFB671C764AF70059CEB2 /* Release */,
			);
			defaultConfigurationIsVisible = 0;
			defaultConfigurationName = Release;
		};
		337AFB681C764AF70059CEB2 /* Build configuration list for PBXNativeTarget "Calculator" */ = {
			isa = XCConfigurationList;
			buildConfigurations = (
				337AFB691C764AF70059CEB2 /* Debug */,
				337AFB6A1C764AF70059CEB2 /* Release */,
			);
			defaultConfigurationIsVisible = 0;
			defaultConfigurationName = Release;
		};
		337AFB6B1C764AF70059CEB2 /* Build configuration list for PBXNativeTarget "CalculatorTests" */ = {
			isa = XCConfigurationList;
			buildConfigurations = (
				337AFB6C1C764AF70059CEB2 /* Debug */,
				337AFB6D1C764AF70059CEB2 /* Release */,
			);
			defaultConfigurationIsVisible = 0;
			defaultConfigurationName = Release;
		};
		337AFB6E1C764AF70059CEB2 /* Build configuration list for PBXNativeTarget "CalculatorUITests" */ = {
			isa = XCConfigurationList;
			buildConfigurations = (
				337AFB6F1C764AF70059CEB2 /* Debug */,
				337AFB701C764AF70059CEB2 /* Release */,
			);
			defaultConfigurationIsVisible = 0;
			defaultConfigurationName = Release;
		};
/* End XCConfigurationList section */
	};
	rootObject = 337AFB381C764AF60059CEB2 /* Project object */;
}
